
Microsoft Visual Studio Solution File, Format Version 12.00
# Visual Studio Version 17
VisualStudioVersion = 17.1.32210.238
MinimumVisualStudioVersion = 10.0.40219.1
Project("{8BC9CEB8-8B4A-11D0-8D11-00A0C91BC942}") = "test2", "test2.vcxproj", "{28CCB30A-3ABD-4965-84FB-3AD81D4D03FC}"
EndProject
Project("{8BC9CEB8-8B4A-11D0-8D11-00A0C91BC942}") = "1-2", "..\1-2\1-2.vcxproj", "{0CC0C336-056A-448F-A7E9-C60766402F50}"
EndProject
Global
	GlobalSection(SolutionConfigurationPlatforms) = preSolution
		Debug|x64 = Debug|x64
		Debug|x86 = Debug|x86
		Release|x64 = Release|x64
		Release|x86 = Release|x86
	EndGlobalSection
	GlobalSection(ProjectConfigurationPlatforms) = postSolution
		{28CCB30A-3ABD-4965-84FB-3AD81D4D03FC}.Debug|x64.ActiveCfg = Debug|x64
		{28CCB30A-3ABD-4965-84FB-3AD81D4D03FC}.Debug|x64.Build.0 = Debug|x64
		{28CCB30A-3ABD-4965-84FB-3AD81D4D03FC}.Debug|x86.ActiveCfg = Debug|Win32
		{28CCB30A-3ABD-4965-84FB-3AD81D4D03FC}.Debug|x86.Build.0 = Debug|Win32
		{28CCB30A-3ABD-4965-84FB-3AD81D4D03FC}.Release|x64.ActiveCfg = Release|x64
		{28CCB30A-3ABD-4965-84FB-3AD81D4D03FC}.Release|x64.Build.0 = Release|x64
		{28CCB30A-3ABD-4965-84FB-3AD81D4D03FC}.Release|x86.ActiveCfg = Release|Win32
		{28CCB30A-3ABD-4965-84FB-3AD81D4D03FC}.Release|x86.Build.0 = Release|Win32
		{0CC0C336-056A-448F-A7E9-C60766402F50}.Debug|x64.ActiveCfg = Debug|x64
		{0CC0C336-056A-448F-A7E9-C60766402F50}.Debug|x64.Build.0 = Debug|x64
		{0CC0C336-056A-448F-A7E9-C60766402F50}.Debug|x86.ActiveCfg = Debug|Win32
		{0CC0C336-056A-448F-A7E9-C60766402F50}.Debug|x86.Build.0 = Debug|Win32
		{0CC0C336-056A-448F-A7E9-C60766402F50}.Release|x64.ActiveCfg = Release|x64
		{0CC0C336-056A-448F-A7E9-C60766402F50}.Release|x64.Build.0 = Release|x64
		{0CC0C336-056A-448F-A7E9-C60766402F50}.Release|x86.ActiveCfg = Release|Win32
		{0CC0C336-056A-448F-A7E9-C60766402F50}.Release|x86.Build.0 = Release|Win32
	EndGlobalSection
	GlobalSection(SolutionProperties) = preSolution
		HideSolutionNode = FALSE
	EndGlobalSection
	GlobalSection(ExtensibilityGlobals) = postSolution
		SolutionGuid = {FE77DC23-F46C-475E-AB57-1A41CE32648F}
	EndGlobalSection
EndGlobal
