
Microsoft Visual Studio Solution File, Format Version 12.00
# Visual Studio Version 17
VisualStudioVersion = 17.1.32210.238
MinimumVisualStudioVersion = 10.0.40219.1
Project("{8BC9CEB8-8B4A-11D0-8D11-00A0C91BC942}") = "work3_13", "work3_13.vcxproj", "{BA407D2E-FE0B-4D9A-941A-200BD9A1477D}"
EndProject
Global
	GlobalSection(SolutionConfigurationPlatforms) = preSolution
		Debug|x64 = Debug|x64
		Debug|x86 = Debug|x86
		Release|x64 = Release|x64
		Release|x86 = Release|x86
	EndGlobalSection
	GlobalSection(ProjectConfigurationPlatforms) = postSolution
		{BA407D2E-FE0B-4D9A-941A-200BD9A1477D}.Debug|x64.ActiveCfg = Debug|x64
		{BA407D2E-FE0B-4D9A-941A-200BD9A1477D}.Debug|x64.Build.0 = Debug|x64
		{BA407D2E-FE0B-4D9A-941A-200BD9A1477D}.Debug|x86.ActiveCfg = Debug|Win32
		{BA407D2E-FE0B-4D9A-941A-200BD9A1477D}.Debug|x86.Build.0 = Debug|Win32
		{BA407D2E-FE0B-4D9A-941A-200BD9A1477D}.Release|x64.ActiveCfg = Release|x64
		{BA407D2E-FE0B-4D9A-941A-200BD9A1477D}.Release|x64.Build.0 = Release|x64
		{BA407D2E-FE0B-4D9A-941A-200BD9A1477D}.Release|x86.ActiveCfg = Release|Win32
		{BA407D2E-FE0B-4D9A-941A-200BD9A1477D}.Release|x86.Build.0 = Release|Win32
	EndGlobalSection
	GlobalSection(SolutionProperties) = preSolution
		HideSolutionNode = FALSE
	EndGlobalSection
	GlobalSection(ExtensibilityGlobals) = postSolution
		SolutionGuid = {6A2F29F3-4E96-4E62-9C1A-DC6E89B8955C}
	EndGlobalSection
EndGlobal
